
Microsoft Visual Studio Solution File, Format Version 12.00
# Visual Studio Version 16
VisualStudioVersion = 16.0.33214.272
MinimumVisualStudioVersion = 10.0.40219.1
Project("{FAE04EC0-301F-11D3-BF4B-00C04F79EFBC}") = "Invoice_Management_System.UWP", "Invoice_Management_System\Invoice_Management_System.UWP\Invoice_Management_System.UWP.csproj", "{FCFE6CA7-B2D3-4C2E-BA4F-098FC8C18F7A}"
EndProject
Project("{FAE04EC0-301F-11D3-BF4B-00C04F79EFBC}") = "Invoice_Management_System.Android", "Invoice_Management_System\Invoice_Management_System.Android\Invoice_Management_System.Android.csproj", "{9CEA65C8-7407-4DDE-9680-288304143A25}"
EndProject
Project("{FAE04EC0-301F-11D3-BF4B-00C04F79EFBC}") = "Invoice_Management_System.iOS", "Invoice_Management_System\Invoice_Management_System.iOS\Invoice_Management_System.iOS.csproj", "{AEFD40DA-EE40-460E-B843-B085E989A894}"
EndProject
Project("{FAE04EC0-301F-11D3-BF4B-00C04F79EFBC}") = "Invoice_Management_System", "Invoice_Management_System\Invoice_Management_System\Invoice_Management_System.csproj", "{DAC87FCD-E96C-459F-8069-BF2353AA7EF0}"
EndProject
Global
	GlobalSection(SolutionConfigurationPlatforms) = preSolution
		Debug|Any CPU = Debug|Any CPU
		Debug|ARM = Debug|ARM
		Debug|iPhone = Debug|iPhone
		Debug|iPhoneSimulator = Debug|iPhoneSimulator
		Debug|x64 = Debug|x64
		Debug|x86 = Debug|x86
		Release|Any CPU = Release|Any CPU
		Release|ARM = Release|ARM
		Release|iPhone = Release|iPhone
		Release|iPhoneSimulator = Release|iPhoneSimulator
		Release|x64 = Release|x64
		Release|x86 = Release|x86
	EndGlobalSection
	GlobalSection(ProjectConfigurationPlatforms) = postSolution
		{FCFE6CA7-B2D3-4C2E-BA4F-098FC8C18F7A}.Debug|Any CPU.ActiveCfg = Debug|x86
		{FCFE6CA7-B2D3-4C2E-BA4F-098FC8C18F7A}.Debug|Any CPU.Build.0 = Debug|x86
		{FCFE6CA7-B2D3-4C2E-BA4F-098FC8C18F7A}.Debug|Any CPU.Deploy.0 = Debug|x86
		{FCFE6CA7-B2D3-4C2E-BA4F-098FC8C18F7A}.Debug|ARM.ActiveCfg = Debug|ARM
		{FCFE6CA7-B2D3-4C2E-BA4F-098FC8C18F7A}.Debug|ARM.Build.0 = Debug|ARM
		{FCFE6CA7-B2D3-4C2E-BA4F-098FC8C18F7A}.Debug|ARM.Deploy.0 = Debug|ARM
		{FCFE6CA7-B2D3-4C2E-BA4F-098FC8C18F7A}.Debug|iPhone.ActiveCfg = Debug|x86
		{FCFE6CA7-B2D3-4C2E-BA4F-098FC8C18F7A}.Debug|iPhone.Build.0 = Debug|x86
		{FCFE6CA7-B2D3-4C2E-BA4F-098FC8C18F7A}.Debug|iPhone.Deploy.0 = Debug|x86
		{FCFE6CA7-B2D3-4C2E-BA4F-098FC8C18F7A}.Debug|iPhoneSimulator.ActiveCfg = Debug|x86
		{FCFE6CA7-B2D3-4C2E-BA4F-098FC8C18F7A}.Debug|iPhoneSimulator.Build.0 = Debug|x86
		{FCFE6CA7-B2D3-4C2E-BA4F-098FC8C18F7A}.Debug|iPhoneSimulator.Deploy.0 = Debug|x86
		{FCFE6CA7-B2D3-4C2E-BA4F-098FC8C18F7A}.Debug|x64.ActiveCfg = Debug|x64
		{FCFE6CA7-B2D3-4C2E-BA4F-098FC8C18F7A}.Debug|x64.Build.0 = Debug|x64
		{FCFE6CA7-B2D3-4C2E-BA4F-098FC8C18F7A}.Debug|x64.Deploy.0 = Debug|x64
		{FCFE6CA7-B2D3-4C2E-BA4F-098FC8C18F7A}.Debug|x86.ActiveCfg = Debug|x86
		{FCFE6CA7-B2D3-4C2E-BA4F-098FC8C18F7A}.Debug|x86.Build.0 = Debug|x86
		{FCFE6CA7-B2D3-4C2E-BA4F-098FC8C18F7A}.Debug|x86.Deploy.0 = Debug|x86
		{FCFE6CA7-B2D3-4C2E-BA4F-098FC8C18F7A}.Release|Any CPU.ActiveCfg = Release|x86
		{FCFE6CA7-B2D3-4C2E-BA4F-098FC8C18F7A}.Release|Any CPU.Build.0 = Release|x86
		{FCFE6CA7-B2D3-4C2E-BA4F-098FC8C18F7A}.Release|Any CPU.Deploy.0 = Release|x86
		{FCFE6CA7-B2D3-4C2E-BA4F-098FC8C18F7A}.Release|ARM.ActiveCfg = Release|ARM
		{FCFE6CA7-B2D3-4C2E-BA4F-098FC8C18F7A}.Release|ARM.Build.0 = Release|ARM
		{FCFE6CA7-B2D3-4C2E-BA4F-098FC8C18F7A}.Release|ARM.Deploy.0 = Release|ARM
		{FCFE6CA7-B2D3-4C2E-BA4F-098FC8C18F7A}.Release|iPhone.ActiveCfg = Release|x86
		{FCFE6CA7-B2D3-4C2E-BA4F-098FC8C18F7A}.Release|iPhone.Build.0 = Release|x86
		{FCFE6CA7-B2D3-4C2E-BA4F-098FC8C18F7A}.Release|iPhone.Deploy.0 = Release|x86
		{FCFE6CA7-B2D3-4C2E-BA4F-098FC8C18F7A}.Release|iPhoneSimulator.ActiveCfg = Release|x86
		{FCFE6CA7-B2D3-4C2E-BA4F-098FC8C18F7A}.Release|iPhoneSimulator.Build.0 = Release|x86
		{FCFE6CA7-B2D3-4C2E-BA4F-098FC8C18F7A}.Release|iPhoneSimulator.Deploy.0 = Release|x86
		{FCFE6CA7-B2D3-4C2E-BA4F-098FC8C18F7A}.Release|x64.ActiveCfg = Release|x64
		{FCFE6CA7-B2D3-4C2E-BA4F-098FC8C18F7A}.Release|x64.Build.0 = Release|x64
		{FCFE6CA7-B2D3-4C2E-BA4F-098FC8C18F7A}.Release|x64.Deploy.0 = Release|x64
		{FCFE6CA7-B2D3-4C2E-BA4F-098FC8C18F7A}.Release|x86.ActiveCfg = Release|x86
		{FCFE6CA7-B2D3-4C2E-BA4F-098FC8C18F7A}.Release|x86.Build.0 = Release|x86
		{FCFE6CA7-B2D3-4C2E-BA4F-098FC8C18F7A}.Release|x86.Deploy.0 = Release|x86
		{9CEA65C8-7407-4DDE-9680-288304143A25}.Debug|Any CPU.ActiveCfg = Debug|Any CPU
		{9CEA65C8-7407-4DDE-9680-288304143A25}.Debug|Any CPU.Build.0 = Debug|Any CPU
		{9CEA65C8-7407-4DDE-9680-288304143A25}.Debug|Any CPU.Deploy.0 = Debug|Any CPU
		{9CEA65C8-7407-4DDE-9680-288304143A25}.Debug|ARM.ActiveCfg = Debug|Any CPU
		{9CEA65C8-7407-4DDE-9680-288304143A25}.Debug|ARM.Build.0 = Debug|Any CPU
		{9CEA65C8-7407-4DDE-9680-288304143A25}.Debug|ARM.Deploy.0 = Debug|Any CPU
		{9CEA65C8-7407-4DDE-9680-288304143A25}.Debug|iPhone.ActiveCfg = Debug|Any CPU
		{9CEA65C8-7407-4DDE-9680-288304143A25}.Debug|iPhone.Build.0 = Debug|Any CPU
		{9CEA65C8-7407-4DDE-9680-288304143A25}.Debug|iPhone.Deploy.0 = Debug|Any CPU
		{9CEA65C8-7407-4DDE-9680-288304143A25}.Debug|iPhoneSimulator.ActiveCfg = Debug|Any CPU
		{9CEA65C8-7407-4DDE-9680-288304143A25}.Debug|iPhoneSimulator.Build.0 = Debug|Any CPU
		{9CEA65C8-7407-4DDE-9680-288304143A25}.Debug|iPhoneSimulator.Deploy.0 = Debug|Any CPU
		{9CEA65C8-7407-4DDE-9680-288304143A25}.Debug|x64.ActiveCfg = Debug|Any CPU
		{9CEA65C8-7407-4DDE-9680-288304143A25}.Debug|x64.Build.0 = Debug|Any CPU
		{9CEA65C8-7407-4DDE-9680-288304143A25}.Debug|x64.Deploy.0 = Debug|Any CPU
		{9CEA65C8-7407-4DDE-9680-288304143A25}.Debug|x86.ActiveCfg = Debug|Any CPU
		{9CEA65C8-7407-4DDE-9680-288304143A25}.Debug|x86.Build.0 = Debug|Any CPU
		{9CEA65C8-7407-4DDE-9680-288304143A25}.Debug|x86.Deploy.0 = Debug|Any CPU
		{9CEA65C8-7407-4DDE-9680-288304143A25}.Release|Any CPU.ActiveCfg = Release|Any CPU
		{9CEA65C8-7407-4DDE-9680-288304143A25}.Release|Any CPU.Build.0 = Release|Any CPU
		{9CEA65C8-7407-4DDE-9680-288304143A25}.Release|Any CPU.Deploy.0 = Release|Any CPU
		{9CEA65C8-7407-4DDE-9680-288304143A25}.Release|ARM.ActiveCfg = Release|Any CPU
		{9CEA65C8-7407-4DDE-9680-288304143A25}.Release|ARM.Build.0 = Release|Any CPU
		{9CEA65C8-7407-4DDE-9680-288304143A25}.Release|ARM.Deploy.0 = Release|Any CPU
		{9CEA65C8-7407-4DDE-9680-288304143A25}.Release|iPhone.ActiveCfg = Release|Any CPU
		{9CEA65C8-7407-4DDE-9680-288304143A25}.Release|iPhone.Build.0 = Release|Any CPU
		{9CEA65C8-7407-4DDE-9680-288304143A25}.Release|iPhone.Deploy.0 = Release|Any CPU
		{9CEA65C8-7407-4DDE-9680-288304143A25}.Release|iPhoneSimulator.ActiveCfg = Release|Any CPU
		{9CEA65C8-7407-4DDE-9680-288304143A25}.Release|iPhoneSimulator.Build.0 = Release|Any CPU
		{9CEA65C8-7407-4DDE-9680-288304143A25}.Release|iPhoneSimulator.Deploy.0 = Release|Any CPU
		{9CEA65C8-7407-4DDE-9680-288304143A25}.Release|x64.ActiveCfg = Release|Any CPU
		{9CEA65C8-7407-4DDE-9680-288304143A25}.Release|x64.Build.0 = Release|Any CPU
		{9CEA65C8-7407-4DDE-9680-288304143A25}.Release|x64.Deploy.0 = Release|Any CPU
		{9CEA65C8-7407-4DDE-9680-288304143A25}.Release|x86.ActiveCfg = Release|Any CPU
		{9CEA65C8-7407-4DDE-9680-288304143A25}.Release|x86.Build.0 = Release|Any CPU
		{9CEA65C8-7407-4DDE-9680-288304143A25}.Release|x86.Deploy.0 = Release|Any CPU
		{AEFD40DA-EE40-460E-B843-B085E989A894}.Debug|Any CPU.ActiveCfg = Debug|iPhoneSimulator
		{AEFD40DA-EE40-460E-B843-B085E989A894}.Debug|Any CPU.Build.0 = Debug|iPhoneSimulator
		{AEFD40DA-EE40-460E-B843-B085E989A894}.Debug|Any CPU.Deploy.0 = Debug|iPhoneSimulator
		{AEFD40DA-EE40-460E-B843-B085E989A894}.Debug|ARM.ActiveCfg = Debug|iPhone
		{AEFD40DA-EE40-460E-B843-B085E989A894}.Debug|ARM.Build.0 = Debug|iPhone
		{AEFD40DA-EE40-460E-B843-B085E989A894}.Debug|ARM.Deploy.0 = Debug|iPhone
		{AEFD40DA-EE40-460E-B843-B085E989A894}.Debug|iPhone.ActiveCfg = Debug|iPhone
		{AEFD40DA-EE40-460E-B843-B085E989A894}.Debug|iPhone.Build.0 = Debug|iPhone
		{AEFD40DA-EE40-460E-B843-B085E989A894}.Debug|iPhone.Deploy.0 = Debug|iPhone
		{AEFD40DA-EE40-460E-B843-B085E989A894}.Debug|iPhoneSimulator.ActiveCfg = Debug|iPhoneSimulator
		{AEFD40DA-EE40-460E-B843-B085E989A894}.Debug|iPhoneSimulator.Build.0 = Debug|iPhoneSimulator
		{AEFD40DA-EE40-460E-B843-B085E989A894}.Debug|iPhoneSimulator.Deploy.0 = Debug|iPhoneSimulator
		{AEFD40DA-EE40-460E-B843-B085E989A894}.Debug|x64.ActiveCfg = Debug|iPhoneSimulator
		{AEFD40DA-EE40-460E-B843-B085E989A894}.Debug|x64.Build.0 = Debug|iPhoneSimulator
		{AEFD40DA-EE40-460E-B843-B085E989A894}.Debug|x64.Deploy.0 = Debug|iPhoneSimulator
		{AEFD40DA-EE40-460E-B843-B085E989A894}.Debug|x86.ActiveCfg = Debug|iPhoneSimulator
		{AEFD40DA-EE40-460E-B843-B085E989A894}.Debug|x86.Build.0 = Debug|iPhoneSimulator
		{AEFD40DA-EE40-460E-B843-B085E989A894}.Debug|x86.Deploy.0 = Debug|iPhoneSimulator
		{AEFD40DA-EE40-460E-B843-B085E989A894}.Release|Any CPU.ActiveCfg = Release|iPhoneSimulator
		{AEFD40DA-EE40-460E-B843-B085E989A894}.Release|Any CPU.Build.0 = Release|iPhoneSimulator
		{AEFD40DA-EE40-460E-B843-B085E989A894}.Release|Any CPU.Deploy.0 = Release|iPhoneSimulator
		{AEFD40DA-EE40-460E-B843-B085E989A894}.Release|ARM.ActiveCfg = Release|iPhoneSimulator
		{AEFD40DA-EE40-460E-B843-B085E989A894}.Release|ARM.Build.0 = Release|iPhoneSimulator
		{AEFD40DA-EE40-460E-B843-B085E989A894}.Release|ARM.Deploy.0 = Release|iPhoneSimulator
		{AEFD40DA-EE40-460E-B843-B085E989A894}.Release|iPhone.ActiveCfg = Release|iPhone
		{AEFD40DA-EE40-460E-B843-B085E989A894}.Release|iPhone.Build.0 = Release|iPhone
		{AEFD40DA-EE40-460E-B843-B085E989A894}.Release|iPhone.Deploy.0 = Release|iPhone
		{AEFD40DA-EE40-460E-B843-B085E989A894}.Release|iPhoneSimulator.ActiveCfg = Release|iPhoneSimulator
		{AEFD40DA-EE40-460E-B843-B085E989A894}.Release|iPhoneSimulator.Build.0 = Release|iPhoneSimulator
		{AEFD40DA-EE40-460E-B843-B085E989A894}.Release|iPhoneSimulator.Deploy.0 = Release|iPhoneSimulator
		{AEFD40DA-EE40-460E-B843-B085E989A894}.Release|x64.ActiveCfg = Release|iPhoneSimulator
		{AEFD40DA-EE40-460E-B843-B085E989A894}.Release|x64.Build.0 = Release|iPhoneSimulator
		{AEFD40DA-EE40-460E-B843-B085E989A894}.Release|x64.Deploy.0 = Release|iPhoneSimulator
		{AEFD40DA-EE40-460E-B843-B085E989A894}.Release|x86.ActiveCfg = Release|iPhoneSimulator
		{AEFD40DA-EE40-460E-B843-B085E989A894}.Release|x86.Build.0 = Release|iPhoneSimulator
		{AEFD40DA-EE40-460E-B843-B085E989A894}.Release|x86.Deploy.0 = Release|iPhoneSimulator
		{DAC87FCD-E96C-459F-8069-BF2353AA7EF0}.Debug|Any CPU.ActiveCfg = Debug|Any CPU
		{DAC87FCD-E96C-459F-8069-BF2353AA7EF0}.Debug|Any CPU.Build.0 = Debug|Any CPU
		{DAC87FCD-E96C-459F-8069-BF2353AA7EF0}.Debug|Any CPU.Deploy.0 = Debug|Any CPU
		{DAC87FCD-E96C-459F-8069-BF2353AA7EF0}.Debug|ARM.ActiveCfg = Debug|Any CPU
		{DAC87FCD-E96C-459F-8069-BF2353AA7EF0}.Debug|ARM.Build.0 = Debug|Any CPU
		{DAC87FCD-E96C-459F-8069-BF2353AA7EF0}.Debug|ARM.Deploy.0 = Debug|Any CPU
		{DAC87FCD-E96C-459F-8069-BF2353AA7EF0}.Debug|iPhone.ActiveCfg = Debug|Any CPU
		{DAC87FCD-E96C-459F-8069-BF2353AA7EF0}.Debug|iPhone.Build.0 = Debug|Any CPU
		{DAC87FCD-E96C-459F-8069-BF2353AA7EF0}.Debug|iPhone.Deploy.0 = Debug|Any CPU
		{DAC87FCD-E96C-459F-8069-BF2353AA7EF0}.Debug|iPhoneSimulator.ActiveCfg = Debug|Any CPU
		{DAC87FCD-E96C-459F-8069-BF2353AA7EF0}.Debug|iPhoneSimulator.Build.0 = Debug|Any CPU
		{DAC87FCD-E96C-459F-8069-BF2353AA7EF0}.Debug|iPhoneSimulator.Deploy.0 = Debug|Any CPU
		{DAC87FCD-E96C-459F-8069-BF2353AA7EF0}.Debug|x64.ActiveCfg = Debug|Any CPU
		{DAC87FCD-E96C-459F-8069-BF2353AA7EF0}.Debug|x64.Build.0 = Debug|Any CPU
		{DAC87FCD-E96C-459F-8069-BF2353AA7EF0}.Debug|x64.Deploy.0 = Debug|Any CPU
		{DAC87FCD-E96C-459F-8069-BF2353AA7EF0}.Debug|x86.ActiveCfg = Debug|Any CPU
		{DAC87FCD-E96C-459F-8069-BF2353AA7EF0}.Debug|x86.Build.0 = Debug|Any CPU
		{DAC87FCD-E96C-459F-8069-BF2353AA7EF0}.Debug|x86.Deploy.0 = Debug|Any CPU
		{DAC87FCD-E96C-459F-8069-BF2353AA7EF0}.Release|Any CPU.ActiveCfg = Release|Any CPU
		{DAC87FCD-E96C-459F-8069-BF2353AA7EF0}.Release|Any CPU.Build.0 = Release|Any CPU
		{DAC87FCD-E96C-459F-8069-BF2353AA7EF0}.Release|Any CPU.Deploy.0 = Release|Any CPU
		{DAC87FCD-E96C-459F-8069-BF2353AA7EF0}.Release|ARM.ActiveCfg = Release|Any CPU
		{DAC87FCD-E96C-459F-8069-BF2353AA7EF0}.Release|ARM.Build.0 = Release|Any CPU
		{DAC87FCD-E96C-459F-8069-BF2353AA7EF0}.Release|ARM.Deploy.0 = Release|Any CPU
		{DAC87FCD-E96C-459F-8069-BF2353AA7EF0}.Release|iPhone.ActiveCfg = Release|Any CPU
		{DAC87FCD-E96C-459F-8069-BF2353AA7EF0}.Release|iPhone.Build.0 = Release|Any CPU
		{DAC87FCD-E96C-459F-8069-BF2353AA7EF0}.Release|iPhone.Deploy.0 = Release|Any CPU
		{DAC87FCD-E96C-459F-8069-BF2353AA7EF0}.Release|iPhoneSimulator.ActiveCfg = Release|Any CPU
		{DAC87FCD-E96C-459F-8069-BF2353AA7EF0}.Release|iPhoneSimulator.Build.0 = Release|Any CPU
		{DAC87FCD-E96C-459F-8069-BF2353AA7EF0}.Release|iPhoneSimulator.Deploy.0 = Release|Any CPU
		{DAC87FCD-E96C-459F-8069-BF2353AA7EF0}.Release|x64.ActiveCfg = Release|Any CPU
		{DAC87FCD-E96C-459F-8069-BF2353AA7EF0}.Release|x64.Build.0 = Release|Any CPU
		{DAC87FCD-E96C-459F-8069-BF2353AA7EF0}.Release|x64.Deploy.0 = Release|Any CPU
		{DAC87FCD-E96C-459F-8069-BF2353AA7EF0}.Release|x86.ActiveCfg = Release|Any CPU
		{DAC87FCD-E96C-459F-8069-BF2353AA7EF0}.Release|x86.Build.0 = Release|Any CPU
		{DAC87FCD-E96C-459F-8069-BF2353AA7EF0}.Release|x86.Deploy.0 = Release|Any CPU
	EndGlobalSection
	GlobalSection(SolutionProperties) = preSolution
		HideSolutionNode = FALSE
	EndGlobalSection
	GlobalSection(ExtensibilityGlobals) = postSolution
		SolutionGuid = {427C0F18-96A3-4136-B281-23D8A43A62DA}
	EndGlobalSection
EndGlobal
